
Microsoft Visual Studio Solution File, Format Version 12.00
# Visual Studio Version 16
VisualStudioVersion = 16.0.31205.134
MinimumVisualStudioVersion = 10.0.40219.1
Project("{FAE04EC0-301F-11D3-BF4B-00C04F79EFBC}") = "Driver.common", "Driver.common\Driver.common.csproj", "{EE46EAAD-0BCE-43CB-AF7A-6E61286AEF9A}"
EndProject
Project("{FAE04EC0-301F-11D3-BF4B-00C04F79EFBC}") = "Driver.web", "Driver.web\Driver.web.csproj", "{ECB04700-8EE8-465E-9945-E7AF22C812A4}"
EndProject
Project("{FAE04EC0-301F-11D3-BF4B-00C04F79EFBC}") = "Driver.prism", "Driver.prism\Driver.prism\Driver.prism.csproj", "{80307874-6BCC-49A4-BBB0-AC4C7788C9C6}"
EndProject
Project("{FAE04EC0-301F-11D3-BF4B-00C04F79EFBC}") = "Driver.prism.Android", "Driver.prism\Driver.prism.Android\Driver.prism.Android.csproj", "{E6F87EAC-5D8A-46B0-8974-F2B2313D6BE7}"
EndProject
Project("{FAE04EC0-301F-11D3-BF4B-00C04F79EFBC}") = "Driver.prism.iOS", "Driver.prism\Driver.prism.iOS\Driver.prism.iOS.csproj", "{2132BFDC-8DDA-47D8-80E9-9CE673122FF1}"
EndProject
Project("{FAE04EC0-301F-11D3-BF4B-00C04F79EFBC}") = "Driver.xamarin", "Driver.xamarin\Driver.xamarin.csproj", "{E2388292-4B28-454E-9FCE-C6BD00309338}"
EndProject
Project("{FAE04EC0-301F-11D3-BF4B-00C04F79EFBC}") = "Driver.IOS", "Driver.IOS\Driver.IOS.csproj", "{B4B8530C-FE3A-49B0-AA38-5847E81C68FC}"
EndProject
Global
	GlobalSection(SolutionConfigurationPlatforms) = preSolution
		Ad-Hoc|Any CPU = Ad-Hoc|Any CPU
		Ad-Hoc|iPhone = Ad-Hoc|iPhone
		Ad-Hoc|iPhoneSimulator = Ad-Hoc|iPhoneSimulator
		AppStore|Any CPU = AppStore|Any CPU
		AppStore|iPhone = AppStore|iPhone
		AppStore|iPhoneSimulator = AppStore|iPhoneSimulator
		Debug|Any CPU = Debug|Any CPU
		Debug|iPhone = Debug|iPhone
		Debug|iPhoneSimulator = Debug|iPhoneSimulator
		Release|Any CPU = Release|Any CPU
		Release|iPhone = Release|iPhone
		Release|iPhoneSimulator = Release|iPhoneSimulator
	EndGlobalSection
	GlobalSection(ProjectConfigurationPlatforms) = postSolution
		{EE46EAAD-0BCE-43CB-AF7A-6E61286AEF9A}.Ad-Hoc|Any CPU.ActiveCfg = Debug|Any CPU
		{EE46EAAD-0BCE-43CB-AF7A-6E61286AEF9A}.Ad-Hoc|Any CPU.Build.0 = Debug|Any CPU
		{EE46EAAD-0BCE-43CB-AF7A-6E61286AEF9A}.Ad-Hoc|iPhone.ActiveCfg = Debug|Any CPU
		{EE46EAAD-0BCE-43CB-AF7A-6E61286AEF9A}.Ad-Hoc|iPhone.Build.0 = Debug|Any CPU
		{EE46EAAD-0BCE-43CB-AF7A-6E61286AEF9A}.Ad-Hoc|iPhoneSimulator.ActiveCfg = Debug|Any CPU
		{EE46EAAD-0BCE-43CB-AF7A-6E61286AEF9A}.Ad-Hoc|iPhoneSimulator.Build.0 = Debug|Any CPU
		{EE46EAAD-0BCE-43CB-AF7A-6E61286AEF9A}.AppStore|Any CPU.ActiveCfg = Debug|Any CPU
		{EE46EAAD-0BCE-43CB-AF7A-6E61286AEF9A}.AppStore|Any CPU.Build.0 = Debug|Any CPU
		{EE46EAAD-0BCE-43CB-AF7A-6E61286AEF9A}.AppStore|iPhone.ActiveCfg = Debug|Any CPU
		{EE46EAAD-0BCE-43CB-AF7A-6E61286AEF9A}.AppStore|iPhone.Build.0 = Debug|Any CPU
		{EE46EAAD-0BCE-43CB-AF7A-6E61286AEF9A}.AppStore|iPhoneSimulator.ActiveCfg = Debug|Any CPU
		{EE46EAAD-0BCE-43CB-AF7A-6E61286AEF9A}.AppStore|iPhoneSimulator.Build.0 = Debug|Any CPU
		{EE46EAAD-0BCE-43CB-AF7A-6E61286AEF9A}.Debug|Any CPU.ActiveCfg = Debug|Any CPU
		{EE46EAAD-0BCE-43CB-AF7A-6E61286AEF9A}.Debug|Any CPU.Build.0 = Debug|Any CPU
		{EE46EAAD-0BCE-43CB-AF7A-6E61286AEF9A}.Debug|iPhone.ActiveCfg = Debug|Any CPU
		{EE46EAAD-0BCE-43CB-AF7A-6E61286AEF9A}.Debug|iPhone.Build.0 = Debug|Any CPU
		{EE46EAAD-0BCE-43CB-AF7A-6E61286AEF9A}.Debug|iPhoneSimulator.ActiveCfg = Debug|Any CPU
		{EE46EAAD-0BCE-43CB-AF7A-6E61286AEF9A}.Debug|iPhoneSimulator.Build.0 = Debug|Any CPU
		{EE46EAAD-0BCE-43CB-AF7A-6E61286AEF9A}.Release|Any CPU.ActiveCfg = Release|Any CPU
		{EE46EAAD-0BCE-43CB-AF7A-6E61286AEF9A}.Release|Any CPU.Build.0 = Release|Any CPU
		{EE46EAAD-0BCE-43CB-AF7A-6E61286AEF9A}.Release|iPhone.ActiveCfg = Release|Any CPU
		{EE46EAAD-0BCE-43CB-AF7A-6E61286AEF9A}.Release|iPhone.Build.0 = Release|Any CPU
		{EE46EAAD-0BCE-43CB-AF7A-6E61286AEF9A}.Release|iPhoneSimulator.ActiveCfg = Release|Any CPU
		{EE46EAAD-0BCE-43CB-AF7A-6E61286AEF9A}.Release|iPhoneSimulator.Build.0 = Release|Any CPU
		{ECB04700-8EE8-465E-9945-E7AF22C812A4}.Ad-Hoc|Any CPU.ActiveCfg = Debug|Any CPU
		{ECB04700-8EE8-465E-9945-E7AF22C812A4}.Ad-Hoc|Any CPU.Build.0 = Debug|Any CPU
		{ECB04700-8EE8-465E-9945-E7AF22C812A4}.Ad-Hoc|iPhone.ActiveCfg = Debug|Any CPU
		{ECB04700-8EE8-465E-9945-E7AF22C812A4}.Ad-Hoc|iPhone.Build.0 = Debug|Any CPU
		{ECB04700-8EE8-465E-9945-E7AF22C812A4}.Ad-Hoc|iPhoneSimulator.ActiveCfg = Debug|Any CPU
		{ECB04700-8EE8-465E-9945-E7AF22C812A4}.Ad-Hoc|iPhoneSimulator.Build.0 = Debug|Any CPU
		{ECB04700-8EE8-465E-9945-E7AF22C812A4}.AppStore|Any CPU.ActiveCfg = Debug|Any CPU
		{ECB04700-8EE8-465E-9945-E7AF22C812A4}.AppStore|Any CPU.Build.0 = Debug|Any CPU
		{ECB04700-8EE8-465E-9945-E7AF22C812A4}.AppStore|iPhone.ActiveCfg = Debug|Any CPU
		{ECB04700-8EE8-465E-9945-E7AF22C812A4}.AppStore|iPhone.Build.0 = Debug|Any CPU
		{ECB04700-8EE8-465E-9945-E7AF22C812A4}.AppStore|iPhoneSimulator.ActiveCfg = Debug|Any CPU
		{ECB04700-8EE8-465E-9945-E7AF22C812A4}.AppStore|iPhoneSimulator.Build.0 = Debug|Any CPU
		{ECB04700-8EE8-465E-9945-E7AF22C812A4}.Debug|Any CPU.ActiveCfg = Debug|Any CPU
		{ECB04700-8EE8-465E-9945-E7AF22C812A4}.Debug|Any CPU.Build.0 = Debug|Any CPU
		{ECB04700-8EE8-465E-9945-E7AF22C812A4}.Debug|iPhone.ActiveCfg = Debug|Any CPU
		{ECB04700-8EE8-465E-9945-E7AF22C812A4}.Debug|iPhone.Build.0 = Debug|Any CPU
		{ECB04700-8EE8-465E-9945-E7AF22C812A4}.Debug|iPhoneSimulator.ActiveCfg = Debug|Any CPU
		{ECB04700-8EE8-465E-9945-E7AF22C812A4}.Debug|iPhoneSimulator.Build.0 = Debug|Any CPU
		{ECB04700-8EE8-465E-9945-E7AF22C812A4}.Release|Any CPU.ActiveCfg = Release|Any CPU
		{ECB04700-8EE8-465E-9945-E7AF22C812A4}.Release|Any CPU.Build.0 = Release|Any CPU
		{ECB04700-8EE8-465E-9945-E7AF22C812A4}.Release|iPhone.ActiveCfg = Release|Any CPU
		{ECB04700-8EE8-465E-9945-E7AF22C812A4}.Release|iPhone.Build.0 = Release|Any CPU
		{ECB04700-8EE8-465E-9945-E7AF22C812A4}.Release|iPhoneSimulator.ActiveCfg = Release|Any CPU
		{ECB04700-8EE8-465E-9945-E7AF22C812A4}.Release|iPhoneSimulator.Build.0 = Release|Any CPU
		{80307874-6BCC-49A4-BBB0-AC4C7788C9C6}.Ad-Hoc|Any CPU.ActiveCfg = Debug|Any CPU
		{80307874-6BCC-49A4-BBB0-AC4C7788C9C6}.Ad-Hoc|Any CPU.Build.0 = Debug|Any CPU
		{80307874-6BCC-49A4-BBB0-AC4C7788C9C6}.Ad-Hoc|iPhone.ActiveCfg = Debug|Any CPU
		{80307874-6BCC-49A4-BBB0-AC4C7788C9C6}.Ad-Hoc|iPhone.Build.0 = Debug|Any CPU
		{80307874-6BCC-49A4-BBB0-AC4C7788C9C6}.Ad-Hoc|iPhoneSimulator.ActiveCfg = Debug|Any CPU
		{80307874-6BCC-49A4-BBB0-AC4C7788C9C6}.Ad-Hoc|iPhoneSimulator.Build.0 = Debug|Any CPU
		{80307874-6BCC-49A4-BBB0-AC4C7788C9C6}.AppStore|Any CPU.ActiveCfg = Debug|Any CPU
		{80307874-6BCC-49A4-BBB0-AC4C7788C9C6}.AppStore|Any CPU.Build.0 = Debug|Any CPU
		{80307874-6BCC-49A4-BBB0-AC4C7788C9C6}.AppStore|iPhone.ActiveCfg = Debug|Any CPU
		{80307874-6BCC-49A4-BBB0-AC4C7788C9C6}.AppStore|iPhone.Build.0 = Debug|Any CPU
		{80307874-6BCC-49A4-BBB0-AC4C7788C9C6}.AppStore|iPhoneSimulator.ActiveCfg = Debug|Any CPU
		{80307874-6BCC-49A4-BBB0-AC4C7788C9C6}.AppStore|iPhoneSimulator.Build.0 = Debug|Any CPU
		{80307874-6BCC-49A4-BBB0-AC4C7788C9C6}.Debug|Any CPU.ActiveCfg = Debug|Any CPU
		{80307874-6BCC-49A4-BBB0-AC4C7788C9C6}.Debug|Any CPU.Build.0 = Debug|Any CPU
		{80307874-6BCC-49A4-BBB0-AC4C7788C9C6}.Debug|iPhone.ActiveCfg = Debug|Any CPU
		{80307874-6BCC-49A4-BBB0-AC4C7788C9C6}.Debug|iPhone.Build.0 = Debug|Any CPU
		{80307874-6BCC-49A4-BBB0-AC4C7788C9C6}.Debug|iPhoneSimulator.ActiveCfg = Debug|Any CPU
		{80307874-6BCC-49A4-BBB0-AC4C7788C9C6}.Debug|iPhoneSimulator.Build.0 = Debug|Any CPU
		{80307874-6BCC-49A4-BBB0-AC4C7788C9C6}.Release|Any CPU.ActiveCfg = Release|Any CPU
		{80307874-6BCC-49A4-BBB0-AC4C7788C9C6}.Release|Any CPU.Build.0 = Release|Any CPU
		{80307874-6BCC-49A4-BBB0-AC4C7788C9C6}.Release|iPhone.ActiveCfg = Release|Any CPU
		{80307874-6BCC-49A4-BBB0-AC4C7788C9C6}.Release|iPhone.Build.0 = Release|Any CPU
		{80307874-6BCC-49A4-BBB0-AC4C7788C9C6}.Release|iPhoneSimulator.ActiveCfg = Release|Any CPU
		{80307874-6BCC-49A4-BBB0-AC4C7788C9C6}.Release|iPhoneSimulator.Build.0 = Release|Any CPU
		{E6F87EAC-5D8A-46B0-8974-F2B2313D6BE7}.Ad-Hoc|Any CPU.ActiveCfg = Debug|Any CPU
		{E6F87EAC-5D8A-46B0-8974-F2B2313D6BE7}.Ad-Hoc|Any CPU.Build.0 = Debug|Any CPU
		{E6F87EAC-5D8A-46B0-8974-F2B2313D6BE7}.Ad-Hoc|Any CPU.Deploy.0 = Debug|Any CPU
		{E6F87EAC-5D8A-46B0-8974-F2B2313D6BE7}.Ad-Hoc|iPhone.ActiveCfg = Debug|Any CPU
		{E6F87EAC-5D8A-46B0-8974-F2B2313D6BE7}.Ad-Hoc|iPhone.Build.0 = Debug|Any CPU
		{E6F87EAC-5D8A-46B0-8974-F2B2313D6BE7}.Ad-Hoc|iPhone.Deploy.0 = Debug|Any CPU
		{E6F87EAC-5D8A-46B0-8974-F2B2313D6BE7}.Ad-Hoc|iPhoneSimulator.ActiveCfg = Debug|Any CPU
		{E6F87EAC-5D8A-46B0-8974-F2B2313D6BE7}.Ad-Hoc|iPhoneSimulator.Build.0 = Debug|Any CPU
		{E6F87EAC-5D8A-46B0-8974-F2B2313D6BE7}.Ad-Hoc|iPhoneSimulator.Deploy.0 = Debug|Any CPU
		{E6F87EAC-5D8A-46B0-8974-F2B2313D6BE7}.AppStore|Any CPU.ActiveCfg = Debug|Any CPU
		{E6F87EAC-5D8A-46B0-8974-F2B2313D6BE7}.AppStore|Any CPU.Build.0 = Debug|Any CPU
		{E6F87EAC-5D8A-46B0-8974-F2B2313D6BE7}.AppStore|Any CPU.Deploy.0 = Debug|Any CPU
		{E6F87EAC-5D8A-46B0-8974-F2B2313D6BE7}.AppStore|iPhone.ActiveCfg = Debug|Any CPU
		{E6F87EAC-5D8A-46B0-8974-F2B2313D6BE7}.AppStore|iPhone.Build.0 = Debug|Any CPU
		{E6F87EAC-5D8A-46B0-8974-F2B2313D6BE7}.AppStore|iPhone.Deploy.0 = Debug|Any CPU
		{E6F87EAC-5D8A-46B0-8974-F2B2313D6BE7}.AppStore|iPhoneSimulator.ActiveCfg = Debug|Any CPU
		{E6F87EAC-5D8A-46B0-8974-F2B2313D6BE7}.AppStore|iPhoneSimulator.Build.0 = Debug|Any CPU
		{E6F87EAC-5D8A-46B0-8974-F2B2313D6BE7}.AppStore|iPhoneSimulator.Deploy.0 = Debug|Any CPU
		{E6F87EAC-5D8A-46B0-8974-F2B2313D6BE7}.Debug|Any CPU.ActiveCfg = Debug|Any CPU
		{E6F87EAC-5D8A-46B0-8974-F2B2313D6BE7}.Debug|Any CPU.Build.0 = Debug|Any CPU
		{E6F87EAC-5D8A-46B0-8974-F2B2313D6BE7}.Debug|Any CPU.Deploy.0 = Debug|Any CPU
		{E6F87EAC-5D8A-46B0-8974-F2B2313D6BE7}.Debug|iPhone.ActiveCfg = Debug|Any CPU
		{E6F87EAC-5D8A-46B0-8974-F2B2313D6BE7}.Debug|iPhone.Build.0 = Debug|Any CPU
		{E6F87EAC-5D8A-46B0-8974-F2B2313D6BE7}.Debug|iPhone.Deploy.0 = Debug|Any CPU
		{E6F87EAC-5D8A-46B0-8974-F2B2313D6BE7}.Debug|iPhoneSimulator.ActiveCfg = Debug|Any CPU
		{E6F87EAC-5D8A-46B0-8974-F2B2313D6BE7}.Debug|iPhoneSimulator.Build.0 = Debug|Any CPU
		{E6F87EAC-5D8A-46B0-8974-F2B2313D6BE7}.Debug|iPhoneSimulator.Deploy.0 = Debug|Any CPU
		{E6F87EAC-5D8A-46B0-8974-F2B2313D6BE7}.Release|Any CPU.ActiveCfg = Release|Any CPU
		{E6F87EAC-5D8A-46B0-8974-F2B2313D6BE7}.Release|Any CPU.Build.0 = Release|Any CPU
		{E6F87EAC-5D8A-46B0-8974-F2B2313D6BE7}.Release|Any CPU.Deploy.0 = Release|Any CPU
		{E6F87EAC-5D8A-46B0-8974-F2B2313D6BE7}.Release|iPhone.ActiveCfg = Release|Any CPU
		{E6F87EAC-5D8A-46B0-8974-F2B2313D6BE7}.Release|iPhone.Build.0 = Release|Any CPU
		{E6F87EAC-5D8A-46B0-8974-F2B2313D6BE7}.Release|iPhone.Deploy.0 = Release|Any CPU
		{E6F87EAC-5D8A-46B0-8974-F2B2313D6BE7}.Release|iPhoneSimulator.ActiveCfg = Release|Any CPU
		{E6F87EAC-5D8A-46B0-8974-F2B2313D6BE7}.Release|iPhoneSimulator.Build.0 = Release|Any CPU
		{E6F87EAC-5D8A-46B0-8974-F2B2313D6BE7}.Release|iPhoneSimulator.Deploy.0 = Release|Any CPU
		{2132BFDC-8DDA-47D8-80E9-9CE673122FF1}.Ad-Hoc|Any CPU.ActiveCfg = Ad-Hoc|iPhoneSimulator
		{2132BFDC-8DDA-47D8-80E9-9CE673122FF1}.Ad-Hoc|iPhone.ActiveCfg = Ad-Hoc|iPhone
		{2132BFDC-8DDA-47D8-80E9-9CE673122FF1}.Ad-Hoc|iPhone.Build.0 = Ad-Hoc|iPhone
		{2132BFDC-8DDA-47D8-80E9-9CE673122FF1}.Ad-Hoc|iPhoneSimulator.ActiveCfg = Ad-Hoc|iPhoneSimulator
		{2132BFDC-8DDA-47D8-80E9-9CE673122FF1}.Ad-Hoc|iPhoneSimulator.Build.0 = Ad-Hoc|iPhoneSimulator
		{2132BFDC-8DDA-47D8-80E9-9CE673122FF1}.AppStore|Any CPU.ActiveCfg = AppStore|iPhoneSimulator
		{2132BFDC-8DDA-47D8-80E9-9CE673122FF1}.AppStore|iPhone.ActiveCfg = AppStore|iPhone
		{2132BFDC-8DDA-47D8-80E9-9CE673122FF1}.AppStore|iPhone.Build.0 = AppStore|iPhone
		{2132BFDC-8DDA-47D8-80E9-9CE673122FF1}.AppStore|iPhoneSimulator.ActiveCfg = AppStore|iPhoneSimulator
		{2132BFDC-8DDA-47D8-80E9-9CE673122FF1}.AppStore|iPhoneSimulator.Build.0 = AppStore|iPhoneSimulator
		{2132BFDC-8DDA-47D8-80E9-9CE673122FF1}.Debug|Any CPU.ActiveCfg = Debug|iPhoneSimulator
		{2132BFDC-8DDA-47D8-80E9-9CE673122FF1}.Debug|iPhone.ActiveCfg = Debug|iPhone
		{2132BFDC-8DDA-47D8-80E9-9CE673122FF1}.Debug|iPhone.Build.0 = Debug|iPhone
		{2132BFDC-8DDA-47D8-80E9-9CE673122FF1}.Debug|iPhoneSimulator.ActiveCfg = Debug|iPhoneSimulator
		{2132BFDC-8DDA-47D8-80E9-9CE673122FF1}.Debug|iPhoneSimulator.Build.0 = Debug|iPhoneSimulator
		{2132BFDC-8DDA-47D8-80E9-9CE673122FF1}.Release|Any CPU.ActiveCfg = Release|iPhoneSimulator
		{2132BFDC-8DDA-47D8-80E9-9CE673122FF1}.Release|iPhone.ActiveCfg = Release|iPhone
		{2132BFDC-8DDA-47D8-80E9-9CE673122FF1}.Release|iPhone.Build.0 = Release|iPhone
		{2132BFDC-8DDA-47D8-80E9-9CE673122FF1}.Release|iPhoneSimulator.ActiveCfg = Release|iPhoneSimulator
		{2132BFDC-8DDA-47D8-80E9-9CE673122FF1}.Release|iPhoneSimulator.Build.0 = Release|iPhoneSimulator
		{E2388292-4B28-454E-9FCE-C6BD00309338}.Ad-Hoc|Any CPU.ActiveCfg = Debug|Any CPU
		{E2388292-4B28-454E-9FCE-C6BD00309338}.Ad-Hoc|Any CPU.Build.0 = Debug|Any CPU
		{E2388292-4B28-454E-9FCE-C6BD00309338}.Ad-Hoc|Any CPU.Deploy.0 = Debug|Any CPU
		{E2388292-4B28-454E-9FCE-C6BD00309338}.Ad-Hoc|iPhone.ActiveCfg = Debug|Any CPU
		{E2388292-4B28-454E-9FCE-C6BD00309338}.Ad-Hoc|iPhone.Build.0 = Debug|Any CPU
		{E2388292-4B28-454E-9FCE-C6BD00309338}.Ad-Hoc|iPhone.Deploy.0 = Debug|Any CPU
		{E2388292-4B28-454E-9FCE-C6BD00309338}.Ad-Hoc|iPhoneSimulator.ActiveCfg = Debug|Any CPU
		{E2388292-4B28-454E-9FCE-C6BD00309338}.Ad-Hoc|iPhoneSimulator.Build.0 = Debug|Any CPU
		{E2388292-4B28-454E-9FCE-C6BD00309338}.Ad-Hoc|iPhoneSimulator.Deploy.0 = Debug|Any CPU
		{E2388292-4B28-454E-9FCE-C6BD00309338}.AppStore|Any CPU.ActiveCfg = Debug|Any CPU
		{E2388292-4B28-454E-9FCE-C6BD00309338}.AppStore|Any CPU.Build.0 = Debug|Any CPU
		{E2388292-4B28-454E-9FCE-C6BD00309338}.AppStore|Any CPU.Deploy.0 = Debug|Any CPU
		{E2388292-4B28-454E-9FCE-C6BD00309338}.AppStore|iPhone.ActiveCfg = Debug|Any CPU
		{E2388292-4B28-454E-9FCE-C6BD00309338}.AppStore|iPhone.Build.0 = Debug|Any CPU
		{E2388292-4B28-454E-9FCE-C6BD00309338}.AppStore|iPhone.Deploy.0 = Debug|Any CPU
		{E2388292-4B28-454E-9FCE-C6BD00309338}.AppStore|iPhoneSimulator.ActiveCfg = Debug|Any CPU
		{E2388292-4B28-454E-9FCE-C6BD00309338}.AppStore|iPhoneSimulator.Build.0 = Debug|Any CPU
		{E2388292-4B28-454E-9FCE-C6BD00309338}.AppStore|iPhoneSimulator.Deploy.0 = Debug|Any CPU
		{E2388292-4B28-454E-9FCE-C6BD00309338}.Debug|Any CPU.ActiveCfg = Debug|Any CPU
		{E2388292-4B28-454E-9FCE-C6BD00309338}.Debug|Any CPU.Build.0 = Debug|Any CPU
		{E2388292-4B28-454E-9FCE-C6BD00309338}.Debug|Any CPU.Deploy.0 = Debug|Any CPU
		{E2388292-4B28-454E-9FCE-C6BD00309338}.Debug|iPhone.ActiveCfg = Debug|Any CPU
		{E2388292-4B28-454E-9FCE-C6BD00309338}.Debug|iPhone.Build.0 = Debug|Any CPU
		{E2388292-4B28-454E-9FCE-C6BD00309338}.Debug|iPhone.Deploy.0 = Debug|Any CPU
		{E2388292-4B28-454E-9FCE-C6BD00309338}.Debug|iPhoneSimulator.ActiveCfg = Debug|Any CPU
		{E2388292-4B28-454E-9FCE-C6BD00309338}.Debug|iPhoneSimulator.Build.0 = Debug|Any CPU
		{E2388292-4B28-454E-9FCE-C6BD00309338}.Debug|iPhoneSimulator.Deploy.0 = Debug|Any CPU
		{E2388292-4B28-454E-9FCE-C6BD00309338}.Release|Any CPU.ActiveCfg = Release|Any CPU
		{E2388292-4B28-454E-9FCE-C6BD00309338}.Release|Any CPU.Build.0 = Release|Any CPU
		{E2388292-4B28-454E-9FCE-C6BD00309338}.Release|Any CPU.Deploy.0 = Release|Any CPU
		{E2388292-4B28-454E-9FCE-C6BD00309338}.Release|iPhone.ActiveCfg = Release|Any CPU
		{E2388292-4B28-454E-9FCE-C6BD00309338}.Release|iPhone.Build.0 = Release|Any CPU
		{E2388292-4B28-454E-9FCE-C6BD00309338}.Release|iPhone.Deploy.0 = Release|Any CPU
		{E2388292-4B28-454E-9FCE-C6BD00309338}.Release|iPhoneSimulator.ActiveCfg = Release|Any CPU
		{E2388292-4B28-454E-9FCE-C6BD00309338}.Release|iPhoneSimulator.Build.0 = Release|Any CPU
		{E2388292-4B28-454E-9FCE-C6BD00309338}.Release|iPhoneSimulator.Deploy.0 = Release|Any CPU
		{B4B8530C-FE3A-49B0-AA38-5847E81C68FC}.Ad-Hoc|Any CPU.ActiveCfg = Debug|iPhoneSimulator
		{B4B8530C-FE3A-49B0-AA38-5847E81C68FC}.Ad-Hoc|Any CPU.Build.0 = Debug|iPhoneSimulator
		{B4B8530C-FE3A-49B0-AA38-5847E81C68FC}.Ad-Hoc|iPhone.ActiveCfg = Debug|iPhone
		{B4B8530C-FE3A-49B0-AA38-5847E81C68FC}.Ad-Hoc|iPhone.Build.0 = Debug|iPhone
		{B4B8530C-FE3A-49B0-AA38-5847E81C68FC}.Ad-Hoc|iPhoneSimulator.ActiveCfg = Debug|iPhoneSimulator
		{B4B8530C-FE3A-49B0-AA38-5847E81C68FC}.Ad-Hoc|iPhoneSimulator.Build.0 = Debug|iPhoneSimulator
		{B4B8530C-FE3A-49B0-AA38-5847E81C68FC}.AppStore|Any CPU.ActiveCfg = Debug|iPhoneSimulator
		{B4B8530C-FE3A-49B0-AA38-5847E81C68FC}.AppStore|Any CPU.Build.0 = Debug|iPhoneSimulator
		{B4B8530C-FE3A-49B0-AA38-5847E81C68FC}.AppStore|iPhone.ActiveCfg = Debug|iPhone
		{B4B8530C-FE3A-49B0-AA38-5847E81C68FC}.AppStore|iPhone.Build.0 = Debug|iPhone
		{B4B8530C-FE3A-49B0-AA38-5847E81C68FC}.AppStore|iPhoneSimulator.ActiveCfg = Debug|iPhoneSimulator
		{B4B8530C-FE3A-49B0-AA38-5847E81C68FC}.AppStore|iPhoneSimulator.Build.0 = Debug|iPhoneSimulator
		{B4B8530C-FE3A-49B0-AA38-5847E81C68FC}.Debug|Any CPU.ActiveCfg = Debug|iPhoneSimulator
		{B4B8530C-FE3A-49B0-AA38-5847E81C68FC}.Debug|iPhone.ActiveCfg = Debug|iPhone
		{B4B8530C-FE3A-49B0-AA38-5847E81C68FC}.Debug|iPhone.Build.0 = Debug|iPhone
		{B4B8530C-FE3A-49B0-AA38-5847E81C68FC}.Debug|iPhoneSimulator.ActiveCfg = Debug|iPhoneSimulator
		{B4B8530C-FE3A-49B0-AA38-5847E81C68FC}.Debug|iPhoneSimulator.Build.0 = Debug|iPhoneSimulator
		{B4B8530C-FE3A-49B0-AA38-5847E81C68FC}.Release|Any CPU.ActiveCfg = Release|iPhoneSimulator
		{B4B8530C-FE3A-49B0-AA38-5847E81C68FC}.Release|iPhone.ActiveCfg = Release|iPhone
		{B4B8530C-FE3A-49B0-AA38-5847E81C68FC}.Release|iPhone.Build.0 = Release|iPhone
		{B4B8530C-FE3A-49B0-AA38-5847E81C68FC}.Release|iPhoneSimulator.ActiveCfg = Release|iPhoneSimulator
		{B4B8530C-FE3A-49B0-AA38-5847E81C68FC}.Release|iPhoneSimulator.Build.0 = Release|iPhoneSimulator
	EndGlobalSection
	GlobalSection(SolutionProperties) = preSolution
		HideSolutionNode = FALSE
	EndGlobalSection
	GlobalSection(ExtensibilityGlobals) = postSolution
		SolutionGuid = {8CECFE96-043F-46BB-8B3D-7739920D814C}
	EndGlobalSection
EndGlobal
